lockVersion: 2.0.0
id: 5dee42fa-2e25-4dbc-9c1c-fe142fa19340
management:
  docChecksum: 0790d959dcfe185ed4b4796071e2b66c
  docVersion: 1.0.1
  speakeasyVersion: 1.761.8
  generationVersion: 2.881.2
  releaseVersion: 0.30.0
  configChecksum: 277f3fa8a3e40ba4e97f5cc7af0efbca
  repoURL: https://github.com/epilot-dev/terraform-provider-epilot-environment.git
  installationURL: https://github.com/epilot-dev/terraform-provider-epilot-environment
persistentEdits:
  generation_id: 414a5810-97d0-45e7-8b35-0be21ec41ccf
  pristine_commit_hash: 8a3b83c4ea69a548f697299c915b517c52f0b66f
  pristine_tree_hash: 762820859bb4b332fcc1bf553f744fc4143e7e00
features:
  terraform:
    additionalDependencies: 0.1.0
    core: 3.47.3
    globalSecurity: 2.82.3
    globalServerURLs: 2.83.2
    retries: 2.81.4
trackedFiles:
  .gitattributes:
    id: 24139dae6567
    last_write_checksum: sha1:84b0115789fc3ea52e31df701d8a27f76077e29f
    pristine_git_object: e6a994416d0f527912d2d272e2583458f4fc9bcb
  USAGE.md:
    id: 3aed33ce6e6f
    last_write_checksum: sha1:02c32c9430f37507b3eacd41cdc36f080809e92d
    pristine_git_object: 8e707bb129af1da185ba30b4c289b0160819c437
  examples/data-sources/epilot-environment_environment_variable/data-source.tf:
    id: 18879502da36
    last_write_checksum: sha1:a0303ef1fb675ba491497fa0b20dc8829484618a
    pristine_git_object: 0e311a36317c36f56c9ea51f40f9b0edcb7111b5
  examples/provider/provider.tf:
    id: 954e955c0240
    last_write_checksum: sha1:25ebcbfdab637af7dbf6a9674a484df9ed21bf15
    pristine_git_object: 72e028a3408fb9fd2152a837caa9a14dd388317a
  examples/resources/epilot-environment_environment_variable/import-by-string-id.tf:
    id: 90625c88009d
    last_write_checksum: sha1:7c87c8dae64af409eea7ef356384e1d5b0406728
    pristine_git_object: 69fce095c7f01acb39d702187b92b85eb7e9f2ab
  examples/resources/epilot-environment_environment_variable/import.sh:
    id: 8a78016cd994
    last_write_checksum: sha1:607217b41fc5d6148e4e102f9ae149a3159ef30a
    pristine_git_object: 66c9305b48d023ee88d8ebcf4fff0cf41691a878
  examples/resources/epilot-environment_environment_variable/resource.tf:
    id: ee67da81d472
    last_write_checksum: sha1:fce7afb668e5cc50f75aa49ca0abb93aea321da8
    pristine_git_object: bf5c97a48ba4151fd2f324429bdf59cfe37ea31e
  go.mod:
    id: c47645c391ad
    last_write_checksum: sha1:1e677980c9ecc48a4610985e9a07409183369568
    pristine_git_object: 137936ccf2c0b991b048ed76172b39d28b37df9c
  internal/planmodifiers/boolplanmodifier/suppress_diff.go:
    id: 3cf85b98963e
    last_write_checksum: sha1:a807863b70c2d8b1744c7e80b571208ebc67978e
    pristine_git_object: f002242d2820ee41cb4a08bfda2ff7ddbcf33d5f
  internal/planmodifiers/boolplanmodifier/use_config_value.go:
    id: c0a10558e419
    last_write_checksum: sha1:506e2cac3ec4075a8837403860ef0b07e19bc337
    pristine_git_object: 210846ca24831a6bda811d3e8a42326716d7bf97
  internal/planmodifiers/boolplanmodifier/use_hoisted_value.go:
    id: e44067341c99
    last_write_checksum: sha1:5f7795335767c23b986f2aa9bba53dc6f8bb18f2
    pristine_git_object: 8456f42ddac2aecc5acd4eeda8ee9204bcbacc2e
  internal/planmodifiers/float32planmodifier/suppress_diff.go:
    id: b7f3f671e479
    last_write_checksum: sha1:68cbde3466d1910cf1e866971333a3ddc70f8785
    pristine_git_object: bdbe75a5951b0f46be9a43d3252949bf4c826750
  internal/planmodifiers/float32planmodifier/use_config_value.go:
    id: e75edfe23c08
    last_write_checksum: sha1:2683d9de3605886cb01438a9015c8e8b02b4e069
    pristine_git_object: 0aafffa779b10b01d1e9c831c3a4bda3e6d97789
  internal/planmodifiers/float32planmodifier/use_hoisted_value.go:
    id: 4a18d1d4a105
    last_write_checksum: sha1:1e0c56e9ba5cc1c8afdc97f60fe2ab77926c95e0
    pristine_git_object: 135643ccb055ea00743ebd3d830ea9a31c3da233
  internal/planmodifiers/float64planmodifier/suppress_diff.go:
    id: 7ae872c2243d
    last_write_checksum: sha1:02cdab0e3eaea0cd8746332d06fe4a50adeb6566
    pristine_git_object: a4862dc17e84460c408aa9e44266e26c025492b3
  internal/planmodifiers/float64planmodifier/use_config_value.go:
    id: 8fd8670f7434
    last_write_checksum: sha1:cc1f1cadfd17a0b9b1e729029dccc03f17d734a5
    pristine_git_object: ecd655b8d658d84aa5cbcc3e1808b69674071325
  internal/planmodifiers/float64planmodifier/use_hoisted_value.go:
    id: 5762e9e310fc
    last_write_checksum: sha1:6aafb919ef02769ccf248f95d9b919daa50dbbe7
    pristine_git_object: cd9d24f8a7aca47ce8726b128844538dcdddef96
  internal/planmodifiers/int32planmodifier/suppress_diff.go:
    id: 3ee3ede7dc9d
    last_write_checksum: sha1:5afb283e97aae723ad582fe2326deddff27bac0f
    pristine_git_object: 102c8c32544317063305497a8b8ffa5c8565e356
  internal/planmodifiers/int32planmodifier/use_config_value.go:
    id: 40be4e07e289
    last_write_checksum: sha1:019ba1949b00493bf1a866821f9331d50c8a1f09
    pristine_git_object: ebc98aae308008b2cda39d5f4cfa781982afa44f
  internal/planmodifiers/int32planmodifier/use_hoisted_value.go:
    id: 887f32d55316
    last_write_checksum: sha1:5bccd71ae529fd003e9b6eb72a9c6617df853e70
    pristine_git_object: 8b3528a9abe1ebb1aa1f8b8c84f1c6ed7c6a6a64
  internal/planmodifiers/int64planmodifier/suppress_diff.go:
    id: fade0cc85582
    last_write_checksum: sha1:39edc719e385efe60629c3d42bd4e68cc1b68694
    pristine_git_object: 17408189a9f02543a75b284136ad7610a43c3e84
  internal/planmodifiers/int64planmodifier/use_config_value.go:
    id: e38d6f43d093
    last_write_checksum: sha1:b5a63f0c356cd72698e25e1b4f4fc3e29b35d482
    pristine_git_object: 2ec2d53d3ac13f58f64feb32b7fb07ca37b8fe99
  internal/planmodifiers/int64planmodifier/use_hoisted_value.go:
    id: ae01f54b02fa
    last_write_checksum: sha1:a3990e4f57232835ea23c22fb64460fe08d49ebd
    pristine_git_object: 06998c4badf0225b5a953a3770931921a326c10e
  internal/planmodifiers/listplanmodifier/suppress_diff.go:
    id: 7b93ed9460b9
    last_write_checksum: sha1:b1152619ca8fe67ebdef3b67865c592fd543a0bf
    pristine_git_object: 92530f2fba10c65cb1d28963116b9c0cc065631c
  internal/planmodifiers/listplanmodifier/use_config_value.go:
    id: c9b31b246860
    last_write_checksum: sha1:c56e2d23520ac7023f800328bb7599e7eba2f202
    pristine_git_object: 7e851c7613c71921fd4ccf7ca1f95b8b22ce9745
  internal/planmodifiers/listplanmodifier/use_hoisted_value.go:
    id: 6232d2937a04
    last_write_checksum: sha1:41da9a17c62a645c6e3260b50e1319474688245a
    pristine_git_object: 580b3c7e7c2d0a86c6af10632d5889f7971292a3
  internal/planmodifiers/mapplanmodifier/suppress_diff.go:
    id: 37bee37da583
    last_write_checksum: sha1:a4b6a5ee79ad9f94996a23b88c34adee83dada23
    pristine_git_object: ef92fcbb43231a44ee80c8278c37274447aac168
  internal/planmodifiers/mapplanmodifier/use_config_value.go:
    id: 8fef370eccaa
    last_write_checksum: sha1:7c2163c8fa4be8e8f7e7499cdb08cc5ed1924b39
    pristine_git_object: 0f2a717f45ca60218f4b8d9e81a6a5cd01494905
  internal/planmodifiers/mapplanmodifier/use_hoisted_value.go:
    id: b22b13c6b864
    last_write_checksum: sha1:e92c19d0ac8202ce53dd07b26a046ed7697998cb
    pristine_git_object: ca7d97b00f277ee9f7e2551622f795810a125486
  internal/planmodifiers/numberplanmodifier/suppress_diff.go:
    id: 0debe6a63221
    last_write_checksum: sha1:4c5c64f09b3baf9cb0e1a1666fe901afca097a16
    pristine_git_object: 02529aa9f0f84775b23244569fc4d7cf82bdb3d0
  internal/planmodifiers/numberplanmodifier/use_config_value.go:
    id: e6b779d30d26
    last_write_checksum: sha1:9b92d53a4a5f57e211e6f41ebb6c36cb12357ae6
    pristine_git_object: e93c117a0665121b4c43c4a0fd5faec999ad016e
  internal/planmodifiers/numberplanmodifier/use_hoisted_value.go:
    id: b52fbd8c6aed
    last_write_checksum: sha1:f26ee0e6807d0510284cf88acb3ace57019779ea
    pristine_git_object: e7554bdd9e7d39832da36443392d23a2208850c6
  internal/planmodifiers/objectplanmodifier/suppress_diff.go:
    id: c5bc1c3980dd
    last_write_checksum: sha1:a090948c86e2d34529ef6561d9a62b13885e74b4
    pristine_git_object: 6aa4d3c1a335525d456b754d6d7527fb29e76ced
  internal/planmodifiers/objectplanmodifier/use_config_value.go:
    id: 7f103d324869
    last_write_checksum: sha1:1f2b6727605c0b56ff2212ab2e2528046f05b157
    pristine_git_object: eaf24076aeaf233c342886079be38561b94d3856
  internal/planmodifiers/objectplanmodifier/use_hoisted_value.go:
    id: 9d64f475cc1d
    last_write_checksum: sha1:f27e8681825558d7e6b5057afa2e8bea5490565b
    pristine_git_object: 3417636c0c5b3890b5d72bb45c836e3e29698f70
  internal/planmodifiers/setplanmodifier/suppress_diff.go:
    id: 2db9381ea39f
    last_write_checksum: sha1:e0684e86a75c0074e26eec8bc4e8fd6049f8406c
    pristine_git_object: db4dc53b10c8a16a2fb7607f5f642f743f33f4bb
  internal/planmodifiers/setplanmodifier/use_config_value.go:
    id: 62a591230001
    last_write_checksum: sha1:fe02165f8fd260bbce09f34adfa378376363422f
    pristine_git_object: a95de11e54a028586b41352c084de59fdc7af66c
  internal/planmodifiers/setplanmodifier/use_hoisted_value.go:
    id: f0486343f81b
    last_write_checksum: sha1:b68a6562a9decd420ac57ae0dfa1e1fbb03f72a3
    pristine_git_object: b6bc6a5008c9bc1f0242992a79e15e2a89f1a215
  internal/planmodifiers/stringplanmodifier/suppress_diff.go:
    id: 05379039a176
    last_write_checksum: sha1:d14d8feab8331f6fab844d663d97382379f288f4
    pristine_git_object: 0303276b6d9eae863c90f4d213186b2c2d8ab387
  internal/planmodifiers/stringplanmodifier/use_config_value.go:
    id: a783ed056524
    last_write_checksum: sha1:250673402508661f9d12cfa026dc029d5e7855d9
    pristine_git_object: 8b4457aeb6b22b7f2b581434762e71f3f782897b
  internal/planmodifiers/stringplanmodifier/use_hoisted_value.go:
    id: f9220e0f9187
    last_write_checksum: sha1:61c25d99c9cfbd7714631c30878d1c76f66309cf
    pristine_git_object: f95b2db4c6000ba1980d951273f005479eb3d9d2
  internal/planmodifiers/utils/hoisted_value.go:
    id: 7c3741509670
    last_write_checksum: sha1:04ccb3d58a019eb0e94efe207280974e85e5fccc
    pristine_git_object: 628b67bbdb34036dc48d3791628383e6f26dd891
  internal/planmodifiers/utils/state_check.go:
    id: ead742412d0f
    last_write_checksum: sha1:acc38ad698bf4fa8c51aa662076cf57b79024bd5
    pristine_git_object: 0ea64fbeb1fd7709d7241a8e06d34bfe9d0323d3
  internal/provider/environmentvariable_data_source.go:
    id: 80b7e528e4e6
    last_write_checksum: sha1:b1d08d736eaf5e4f4986d6f945a751a6a1263a12
    pristine_git_object: 4eb9ceb1c4ea025c1c6cfed6e6c2a27b6ce374c9
  internal/provider/environmentvariable_data_source_sdk.go:
    id: 517e9673726e
    last_write_checksum: sha1:4cefde339edc80c48a4a6003ac1d96e2d0d58fa1
    pristine_git_object: 91a0e65d5da7faf41792df97aea77ac7612eb4e5
  internal/provider/environmentvariable_resource.go:
    id: 5539ced3d83a
    last_write_checksum: sha1:d2927ee83ccc4e273ea23f54185938d8a0e97ee8
    pristine_git_object: 51614927981b0c60c9f320b80f113e478f7749ed
  internal/provider/environmentvariable_resource_sdk.go:
    id: 19fe497e8c04
    last_write_checksum: sha1:7aa55b555ed5d5d3dba529fb73943412da239265
    pristine_git_object: 6bd34bfbd819999c55a1b60af7e60009c04c06d4
  internal/provider/provider.go:
    id: 1e7e86841cf3
    last_write_checksum: sha1:c8cf9c56bc9f552cc07973006646792a35372890
    pristine_git_object: 0e07308dc65baa9c55f4707f5f39fcb616c1bf52
  internal/provider/reflect/diags.go:
    id: 35b6b44972e2
    last_write_checksum: sha1:ace8bc53054bb1d8ee8689acf3e4323de75a6297
    pristine_git_object: 50c50c8c2ee48a2e0bd9f7e01e9de02489c887d8
  internal/provider/reflect/doc.go:
    id: cbfb54ee320b
    last_write_checksum: sha1:67814656717ff0d0ff38fd9db09872e28666642b
    pristine_git_object: e384126d4201af70574ce3a9fb8102edaa3b932e
  internal/provider/reflect/generic_attr_value.go:
    id: e422f9e35e9e
    last_write_checksum: sha1:33300f91738c9b79e41ea4d8f3581d6800ac06ef
    pristine_git_object: 48824d543386df6c125ed86da32d85d24659454c
  internal/provider/reflect/helpers.go:
    id: 3c19b91a8408
    last_write_checksum: sha1:3a2083aa9f84f5a54638803f2225daf86408d360
    pristine_git_object: 8085789a770637a76b1728b0f89b30c564696ca6
  internal/provider/reflect/interfaces.go:
    id: d1096171c6f2
    last_write_checksum: sha1:e03017ee98ee8d1bd64fde7a025975638bcfaed7
    pristine_git_object: ff4416e40b7dd139a553979327b0dac70aff37c5
  internal/provider/reflect/into.go:
    id: 50e3644442fc
    last_write_checksum: sha1:7a29c6e2fd31069faddc441132ff04a92a6198be
    pristine_git_object: 29a437fe2bdb30a956b8c7668d11032962962472
  internal/provider/reflect/map.go:
    id: 0d8232fb373f
    last_write_checksum: sha1:803a218b09d4d9de46d27a5c0227ed3fc6617f62
    pristine_git_object: 91e27a6c1d51441d6091752a0e199c300c1f09dc
  internal/provider/reflect/number.go:
    id: f7e5eb196c35
    last_write_checksum: sha1:ff756986a30b648c423b9af8996584ffc5983514
    pristine_git_object: 53673b8476a3115f39f7ed03921221243bbe29a3
  internal/provider/reflect/options.go:
    id: ae46de5fdb32
    last_write_checksum: sha1:735603671bc13388dca9edeb7fefc0b229196793
    pristine_git_object: 002addd9ab508962b4dc80b0b1f788c738cb8382
  internal/provider/reflect/outof.go:
    id: 2b83f83dde82
    last_write_checksum: sha1:46f09acf317888545161fc1cd288113bd3836ead
    pristine_git_object: 215406a5867a4b5b6e0978a1664492049cc3738a
  internal/provider/reflect/pointer.go:
    id: b758e7c3bf1c
    last_write_checksum: sha1:92cc23f30396e1a9204f70ac68ebfe7d58cbb967
    pristine_git_object: 215653e7c5d5ba9863ef5053d9084c9d69eba5ca
  internal/provider/reflect/primitive.go:
    id: c302568a3411
    last_write_checksum: sha1:8b7708414f8be915065952b31986869feaa2fae6
    pristine_git_object: adf648e88b61a8234951db180e4c25bbb7c1b353
  internal/provider/reflect/slice.go:
    id: cd2dec5ab676
    last_write_checksum: sha1:70ce36709e204b74e3ded36c4683df7e48df294f
    pristine_git_object: 79ad6b80c2a9492522820c3060a89f2de1131e92
  internal/provider/reflect/struct.go:
    id: 973d7dbf96c1
    last_write_checksum: sha1:504fa0ca7711df0887f8c265c7acb3774e89afe7
    pristine_git_object: c588f768bd7b39be33962188f97d81e1c4c25f4b
  internal/provider/typeconvert/date.go:
    id: dfe2bc95ad1b
    last_write_checksum: sha1:ecf9b24848ed82cceb2e3357026fd8f8e436d60e
    pristine_git_object: 4ad3aa589bcd488e863fab7c73cdaab331cf63bc
  internal/provider/typeconvert/datetime.go:
    id: d2fb73d4f01c
    last_write_checksum: sha1:a2a20e6785f1e12c3f94c016cbc106e54942e981
    pristine_git_object: 7bfdc553a393a1db69a25574998eb6cc5df79566
  internal/provider/typeconvert/int.go:
    id: c44fcd78fccc
    last_write_checksum: sha1:c28123f17006dc96a233f916a17c38408e37b71f
    pristine_git_object: 54763e7a7555fae6d8bf51c4590220ff610202aa
  internal/provider/utils.go:
    id: 312d50f148af
    last_write_checksum: sha1:f0bdc1c5973f5bd82d5617ce5b819f0ce85d67aa
    pristine_git_object: b8e5dceed3e7ba9d32bafa9d8f83396ffaa4f8df
  internal/sdk/.gitattributes:
    id: 1ea4c4e0a39d
    last_write_checksum: sha1:84b0115789fc3ea52e31df701d8a27f76077e29f
    pristine_git_object: e6a994416d0f527912d2d272e2583458f4fc9bcb
  internal/sdk/docs/models/operations/option.md:
    id: a35737eb2e35
    last_write_checksum: sha1:f45321582662c187a12e797364a9b5c9f187311d
    pristine_git_object: 3261dbe5d014a86e2db7a224f16a0f8d97389448
  internal/sdk/environments.go:
    id: ed21197f3403
    last_write_checksum: sha1:7e538b84009abb7cb60cbaf7aa29064850c850c1
    pristine_git_object: 790c7fc26e5572e4b1b5961e297aec9968285ae9
  internal/sdk/internal/config/sdkconfiguration.go:
    id: 6af0bc8635d9
    last_write_checksum: sha1:d0d4ba7dcd39fb4a36e02d2bdc83f394881c45d5
    pristine_git_object: e90b4c606123050e097156b3f9b8aecaff5a7b3f
  internal/sdk/internal/hooks/hooks.go:
    id: 4e88208e997f
    last_write_checksum: sha1:6fb4d2f577879b1621ef826bd811fdfe6a254665
    pristine_git_object: a0d0023593a4a44a95304c08e2e5ce5ef3646822
  internal/sdk/internal/utils/contenttype.go:
    id: b767d5c02609
    last_write_checksum: sha1:ab5cfd860d02c6e6a37f89e2b5649a9859947fb1
    pristine_git_object: f6487e01eb987c0aa49e7aa50b5ff24830314c63
  internal/sdk/internal/utils/env.go:
    id: 4b4be1422b75
    last_write_checksum: sha1:1e0bcb2d2caed9f3657f1dbc99b55811bed0298c
    pristine_git_object: 110d464eacf2387b347bad1cb903666354a339e9
  internal/sdk/internal/utils/form.go:
    id: a29055426367
    last_write_checksum: sha1:71e75f86831698c2844fbd98ae38330f7364e684
    pristine_git_object: 858147c95eb1135a7f0a93e22822e17ddda7e333
  internal/sdk/internal/utils/headers.go:
    id: f035883ac0ff
    last_write_checksum: sha1:ab648a4b29a1f415308382ab0d5c60215a6eb448
    pristine_git_object: a79a77d2eda7b828b1771acb2cbe8f7d37cac081
  internal/sdk/internal/utils/json.go:
    id: 2231afac3add
    last_write_checksum: sha1:9706a69ad4dab57fc434cda6613b5b7831314cca
    pristine_git_object: 89b64a4d94a7c807582b8ad96d9f25c81aa02935
  internal/sdk/internal/utils/pathparams.go:
    id: e7fec2afe4a6
    last_write_checksum: sha1:2811644143dc856947be74d133ce0624f7412163
    pristine_git_object: 736aa13a4c10b09cf21602995d21b31f98128145
  internal/sdk/internal/utils/queryparams.go:
    id: fb88ad971185
    last_write_checksum: sha1:ff81b03643d58ce01cf0b2176335fb1862bb7b33
    pristine_git_object: aa931870a296cb8ce2ac62d79f9cbcbb3507eafc
  internal/sdk/internal/utils/requestbody.go:
    id: c971a8b3bbf5
    last_write_checksum: sha1:94e83fcbb992b4b95db3b64df983fe3ac153405c
    pristine_git_object: 74c38dbd659806bef2ec3e44f909c5c67abf4d6b
  internal/sdk/internal/utils/retries.go:
    id: 6832c2142453
    last_write_checksum: sha1:40bf0b4155114267b362d69649a38de63aab629d
    pristine_git_object: b9f4daca96d4c42329186f584c381741e9e4dfaa
  internal/sdk/internal/utils/security.go:
    id: 6ebe9eaeb99b
    last_write_checksum: sha1:49fee4e9252239953611e6de36f4682851499ab5
    pristine_git_object: a2332ee8de013a2121880e4b7be332d3385c6f41
  internal/sdk/internal/utils/union.go:
    id: 183142835cfe
    last_write_checksum: sha1:7a5d583499e83aa4214be5488bb1257809ff1cb1
    pristine_git_object: 3799b885a3649fff9bd8eb9fbd3fa110e28c6fd9
  internal/sdk/internal/utils/union_test.go:
    id: 4c885192f6f0
    last_write_checksum: sha1:83ac73c1901de4c6db90f65cf5879163f3d47a00
    pristine_git_object: f66814c73ace94d8e71d785fd6161fb405745754
  internal/sdk/internal/utils/utils.go:
    id: feefcdf75dbd
    last_write_checksum: sha1:c03378176a107205b8938606faef3fd8fb8f91a0
    pristine_git_object: a614e37673d3ea81eabc6139236edfb22a15dc55
  internal/sdk/models/errors/sdkerror.go:
    id: 19b5a8d3586b
    last_write_checksum: sha1:5d65fce5049df7c5113e11c9ccb1e4c46b91901c
    pristine_git_object: c633d568d96b5297c7d2edfc9d22fc717428edf1
  internal/sdk/models/operations/createenvironmentvariable.go:
    id: b65f98697817
    last_write_checksum: sha1:6f515f31bf3bf106ab00da1349703a3fd9fabcd1
    pristine_git_object: a6d9f9c52d31af2a37768bb9abbf8911fefeaabe
  internal/sdk/models/operations/deleteenvironmentgroup.go:
    id: 5faf63903adf
    last_write_checksum: sha1:9d1b28f52a438383a9af344bb6a40c479a6fd8f3
    pristine_git_object: aa2d39c48c34dc7f8584f45458e5192939415c31
  internal/sdk/models/operations/deleteenvironmentvariable.go:
    id: 1579040be31f
    last_write_checksum: sha1:8170a346d5adfb9c6123ff9656b2459c54072b0a
    pristine_git_object: a0b1656cea54b849ed11e3951fcd4e6e3e231c98
  internal/sdk/models/operations/getenvironmentvariable.go:
    id: 855a421020ac
    last_write_checksum: sha1:de05c6f964cc33a9f075e31ffe1bdee7e241fc4c
    pristine_git_object: dfc83a4e64ce7b0c8d88a931d3be50c1d0d255db
  internal/sdk/models/operations/listenvironmentgroups.go:
    id: e13fd24e30ef
    last_write_checksum: sha1:5b90487bb4844120fe8ea8a102ce2782c06e8132
    pristine_git_object: 67781bfa5d174cac22ff06f781ae98b1a6ca59b6
  internal/sdk/models/operations/listenvironmentvariables.go:
    id: 18db624ecaea
    last_write_checksum: sha1:f4a09c871cbc56e8284b87c789573b2c582383e2
    pristine_git_object: 9c88e1d42568cfd5375678e86da1a61332c68e7f
  internal/sdk/models/operations/options.go:
    id: 6d0d29414e00
    last_write_checksum: sha1:19d13ef1598a0c1d2b5c86493d529b117fa31852
    pristine_git_object: 90aadd52be34d7f8307f0a4ca03cc754cb6d2703
  internal/sdk/models/operations/putenvironmentgroup.go:
    id: 83763c601704
    last_write_checksum: sha1:6c1d1ee99d7904b32be53db1607e9a4b2b8df905
    pristine_git_object: 1ae28c3363526df603b187c8e3dac90c259fe676
  internal/sdk/models/operations/updateenvironmentvariable.go:
    id: 93deaaafb8c9
    last_write_checksum: sha1:4515af979cbf680d0374fc2e6093bcdb4dc3cb55
    pristine_git_object: 0772cfd7870fad54a08e4b196c82215d73280827
  internal/sdk/models/shared/environmentgroup.go:
    id: beefa5d8cf88
    last_write_checksum: sha1:38e59fb5eb1fdc663b66684d9f703686e68925db
    pristine_git_object: e7f038e2cc8f0482e1a763b65a9e7720dadf388a
  internal/sdk/models/shared/environmentgrouplist.go:
    id: f9738abec33d
    last_write_checksum: sha1:d414f3b43e548452c5329e8c63359c8154dd8021
    pristine_git_object: a5089c4ed472cb43f9edc097265d30f9aaa31d80
  internal/sdk/models/shared/environmentgroupupsertrequest.go:
    id: 8e9048aa35ac
    last_write_checksum: sha1:1ed63da6fa04169d37d81c5229da268aa768cfa0
    pristine_git_object: f42dfe055e1cbc338de4d4c8afbd5921637ef5c3
  internal/sdk/models/shared/environmentvaluetype.go:
    id: 7212a1e5c585
    last_write_checksum: sha1:0ea8b45bd00d1d40940357f53b3837bc23275ebf
    pristine_git_object: 040f4995cf0c067d5b44a18fc85c6b32b339de89
  internal/sdk/models/shared/environmentvariable.go:
    id: 436c98654daf
    last_write_checksum: sha1:1185c91d8e97a093818613cf18f8de3f0375efb2
    pristine_git_object: 68feeeea9d02a2209537927f8b4ac028c1e4f656
  internal/sdk/models/shared/environmentvariablecreaterequest.go:
    id: 6c807c5f7c2b
    last_write_checksum: sha1:87e70f98e5a172132a5b242efb99816fba9e8965
    pristine_git_object: a1294fa643a128409a78ec81680041708101bb03
  internal/sdk/models/shared/environmentvariablelist.go:
    id: 525cbbe2354c
    last_write_checksum: sha1:47783aee6c18cc4d6fd6ce0e581daa51585d00a0
    pristine_git_object: 9f5a3f2e4d4ff590f053f383ab791afff7e9a902
  internal/sdk/models/shared/environmentvariablelistitem.go:
    id: ccad62adfdfa
    last_write_checksum: sha1:a019fe5db9605ce9e481638a1f0abe7c25eb7650
    pristine_git_object: a50cee32bafc5d9f1a22822e215d64c3f63dae94
  internal/sdk/models/shared/environmentvariableupdaterequest.go:
    id: 416257b605b7
    last_write_checksum: sha1:afe67b7dee5b04f9b052b38dcfe8a45f5ef1ca6e
    pristine_git_object: 3a921881cbde0bb3cbe046739430b5123961085c
  internal/sdk/models/shared/security.go:
    id: 9098af98367e
    last_write_checksum: sha1:4b99dae59844b25a5acc4fa1a73ca1e623f2e08e
    pristine_git_object: 37f7f47928a46b475865d6fb81c865dcc0bf27ce
  internal/sdk/optionalnullable/optionalnullable.go:
    id: 4b83aa3f3df3
    last_write_checksum: sha1:d6aff1a420c31e025ea21d46cf056e305ae76fe8
    pristine_git_object: c6739be0619b6726565e0f11855ffe44b0e5607e
  internal/sdk/optionalnullable/optionalnullable_test.go:
    id: 3920a41dfc4c
    last_write_checksum: sha1:2e9433eff1651ac77d6678ea76880d9a4980cbc2
    pristine_git_object: e6e5a01c6e721e879e24a38a1f97e3e27d4686d4
  internal/sdk/retry/config.go:
    id: 7ea5fa9128b6
    last_write_checksum: sha1:7f7d96b59a18e95bac847ae09c63bbd911ee8432
    pristine_git_object: 5b3dc7c122d8ab08905485342d7474f8f163888d
  internal/sdk/sdk.go:
    id: 02d7190ee502
    last_write_checksum: sha1:2ea415fd8aa363cc579a2c4b1661466cb70f295b
    pristine_git_object: 1befb214fdce5ae4bb17c389480e2580df28f2cc
  internal/sdk/types/bigint.go:
    id: fc530b70337e
    last_write_checksum: sha1:49b004005d0461fb04b846eca062b070b0360b31
    pristine_git_object: 9c6a086d51595888a6ff787ebcb8693559afee95
  internal/sdk/types/date.go:
    id: c4bff082c66f
    last_write_checksum: sha1:3036a2e1ed15a1d484c093367eba000c38f384d0
    pristine_git_object: 5b2782f219efe6bfbce46fc2dec68998eb759438
  internal/sdk/types/datetime.go:
    id: a8109857c712
    last_write_checksum: sha1:196d050af6450669214e9ae4fd28e56263ae2b5d
    pristine_git_object: 3eff332daa04e34cec5ffb10add670bafd8ac454
  internal/sdk/types/pointers.go:
    id: 2f3f971639f6
    last_write_checksum: sha1:fc2275ea006257ba9ba4ff6f2a2cdb6205371eef
    pristine_git_object: 35c439d2661e08fcb6a854096fd7b9a8561b3938
  internal/validators/DateValidator.go:
    id: 4fdfa187ab97
    last_write_checksum: sha1:8353aabcdd8781d39c9fb3e6defc5e1550e93c8b
    pristine_git_object: 4fd0f05622df671344511bc7f49b6b500ff1a924
  internal/validators/ExactlyOneChild.go:
    id: 66e7bd50b47d
    last_write_checksum: sha1:ab8e18d1763fbd5b262c3e7d917c81ac40ba839f
    pristine_git_object: 1765a3a0b83d38a6cc8f118ea2cfab67ab44c910
  internal/validators/JSONParseValidator.go:
    id: ce72f37482f5
    last_write_checksum: sha1:77af551821798350f868410aab90352f7ec7b370
    pristine_git_object: b8bb96b5e0930635eb754f169b3eaf285d48dd1c
  internal/validators/RFC3339Validator.go:
    id: 0cf126c9a956
    last_write_checksum: sha1:8d9accfc3aa477a74b0f927652f5e2ae3d28061d
    pristine_git_object: f5e61466b5c639cb17d0cb2cfe28611957297ce9
  internal/validators/boolvalidators/not_null.go:
    id: 865145e65396
    last_write_checksum: sha1:89a7362be9d519ed7c9fb7c4989d273a3aa5f279
    pristine_git_object: 6eca17e0cff87f7682f8baa2cd81cd33bc972f4c
  internal/validators/float32validators/not_null.go:
    id: 330748f4ff91
    last_write_checksum: sha1:4f0a859aa9d7348056c6559bad9ca336104beaef
    pristine_git_object: c9a8973c7dc830b9c5aac546ea7cbe6021f01629
  internal/validators/float64validators/not_null.go:
    id: 8f5e6362f0f5
    last_write_checksum: sha1:f2436a4a1323d58ffcff3b153167c4e463325c12
    pristine_git_object: 8f786d278597ffac3c525755e429c9a3caa60b20
  internal/validators/int32validators/not_null.go:
    id: ea876d1f8b07
    last_write_checksum: sha1:d08335af46ab809d0076da8543b3455662fb66a0
    pristine_git_object: ec9a3f10adfdd29c3cca40e53dc42db329cf37d7
  internal/validators/int64validators/not_null.go:
    id: d3f822eb4c69
    last_write_checksum: sha1:b5bf5b539f2631813ee8771cf00d8ea9744c6dd3
    pristine_git_object: 707ff9573f026b7b7ee3f59462c7a8ba10a1aba9
  internal/validators/listvalidators/not_null.go:
    id: b3ee156dafa7
    last_write_checksum: sha1:11f33dfa3cb1b9eadc7e4a8287518135ddae191e
    pristine_git_object: 9b88e520b7d58c14c6844d3dbc26ce4f96d39af1
  internal/validators/mapvalidators/not_null.go:
    id: 9cff80d0791c
    last_write_checksum: sha1:64117afe6cdb1a0e1b57df970da8df0e18d10442
    pristine_git_object: dc6959e9cdadb16e0e1ea90f98b2d27f2d357b64
  internal/validators/numbervalidators/not_null.go:
    id: b335c948bcf4
    last_write_checksum: sha1:54d925f13a630f21e14709ce6181e5eaf96bd6e3
    pristine_git_object: 57d4da0ae000f671698384abc550196744884871
  internal/validators/objectvalidators/not_null.go:
    id: dd14631b3a38
    last_write_checksum: sha1:5f897f5dcd2686d43c9bd683900572a8d7ef6473
    pristine_git_object: bf0189497acb3b1214f2480e9db071186d85ecad
  internal/validators/setvalidators/not_null.go:
    id: e612a6618fac
    last_write_checksum: sha1:de772bcb14615735a8ebd2a9ffaae06f464a86d5
    pristine_git_object: f859d64810168dd4ec7bfb1ea1c0186c551f8987
  internal/validators/stringvalidators/not_null.go:
    id: 80be7ffedf6c
    last_write_checksum: sha1:df498b49dd87f9508f3eaec3a63ed0a08ae3c16e
    pristine_git_object: 1e40ac1b6ce68540327e01910f0dc91a60b62607
  main.go:
    id: 0607f785dfa3
    last_write_checksum: sha1:47898d0adc8cb70192965551a8d59652fb45bb09
    pristine_git_object: 9755200d056affec8ddc907aa0c950e82a683cdb
  terraform-registry-manifest.json:
    id: fc3d63fd06e1
    last_write_checksum: sha1:45b609f3f65164bc2f00b6e2b24faf64627e15b8
    pristine_git_object: fec2a5691e493a1941bd79b312b3925403a91aa6
  tools/tools.go:
    id: 683390d33800
    last_write_checksum: sha1:8239addbb5e66af0488adc7dc4aba098e4634d88
    pristine_git_object: 36b25801b3a26b57ee042a610a3c35ca65b1376a
examples:
  listEnvironmentVariables:
    speakeasy-default-list-environment-variables:
      responses:
        "200":
          application/json: {"items": []}
  createEnvironmentVariable:
    speakeasy-default-create-environment-variable:
      requestBody:
        application/json: {"key": "<key>", "type": "SecretString"}
      responses:
        "201":
          application/json: {"key": "<key>", "type": "SecretString", "created_at": "2025-05-19T08:48:24.320Z", "updated_at": "2024-04-28T10:31:05.036Z"}
  getEnvironmentVariable:
    speakeasy-default-get-environment-variable:
      parameters:
        path:
          key: "<key>"
      responses:
        "200":
          application/json: {"key": "<key>", "type": "String", "created_at": "2026-12-28T18:50:10.591Z", "updated_at": "2025-11-10T21:16:35.753Z"}
  updateEnvironmentVariable:
    speakeasy-default-update-environment-variable:
      parameters:
        path:
          key: "<key>"
      requestBody:
        application/json: {}
      responses:
        "200":
          application/json: {"key": "<key>", "type": "SecretString", "created_at": "2024-05-10T03:09:25.045Z", "updated_at": "2024-01-31T21:17:19.616Z"}
  deleteEnvironmentVariable:
    speakeasy-default-delete-environment-variable:
      parameters:
        path:
          key: "<key>"
  listEnvironmentGroups:
    speakeasy-default-list-environment-groups:
      responses:
        "200":
          application/json: {"items": []}
  putEnvironmentGroup:
    speakeasy-default-put-environment-group:
      parameters:
        path:
          name: "<value>"
      requestBody:
        application/json: {}
      responses:
        "200":
          application/json: {"name": "<value>", "created_at": "2024-05-10T13:18:07.491Z", "updated_at": "2024-02-11T11:00:38.258Z"}
  deleteEnvironmentGroup:
    speakeasy-default-delete-environment-group:
      parameters:
        path:
          name: "<value>"
examplesVersion: 1.0.2
releaseNotes: |
  ## Terraform SDK Changes:
  * `SDK.environments.listEnvironmentVariables()`: **Added**
  * `SDK.environments.createEnvironmentVariable()`: **Added**
  * `SDK.environments.listEnvironmentGroups()`: **Added**
  * `SDK.environments.putEnvironmentGroup()`: **Added**
  * `SDK.environments.deleteEnvironmentGroup()`: **Added**
  * `SDK.environments.getEnvironmentVariable()`: **Added**
  * `SDK.environments.updateEnvironmentVariable()`: **Added**
  * `SDK.environments.deleteEnvironmentVariable()`: **Added**
  * `SDK.Workflows.getMaxAllowedLimit()`: **Removed** (Breaking ⚠️)
  * `SDK.Workflows.getDefinitions()`: **Removed** (Breaking ⚠️)
  * `SDK.Workflows.createDefinition()`: **Removed** (Breaking ⚠️)
  * `SDK.Workflows.getDefinition()`: **Removed** (Breaking ⚠️)
  * `SDK.Workflows.updateDefinition()`: **Removed** (Breaking ⚠️)
  * `SDK.Workflows.deleteDefinition()`: **Removed** (Breaking ⚠️)
  * `SDK.Workflows.getWorkflowClosingReasons()`: **Removed** (Breaking ⚠️)
  * `SDK.Workflows.setWorkflowClosingReasons()`: **Removed** (Breaking ⚠️)
  * `SDK.Closing Reason.getAllClosingReasons()`: **Removed** (Breaking ⚠️)
  * `SDK.Closing Reason.createClosingReason()`: **Removed** (Breaking ⚠️)
  * `SDK.Closing Reason.changeReasonStatus()`: **Removed** (Breaking ⚠️)
