speakeasyVersion: 1.790.3
sources:
    my-source:
        sourceNamespace: my-source
        sourceRevisionDigest: sha256:709d989fa4a344abe3c1f979aab61dd0d5e103f10fa0e277b064ea4dde1b02c1
        sourceBlobDigest: sha256:4b9f5dd2711b43bc8d7a15d39bb66805cab8ae3a8a2cbb121d0a38e2099e4d3d
        tags:
            - latest
            - 1.0.1
targets:
    terraform:
        source: my-source
        sourceNamespace: my-source
        sourceRevisionDigest: sha256:709d989fa4a344abe3c1f979aab61dd0d5e103f10fa0e277b064ea4dde1b02c1
        sourceBlobDigest: sha256:4b9f5dd2711b43bc8d7a15d39bb66805cab8ae3a8a2cbb121d0a38e2099e4d3d
workflow:
    workflowVersion: 1.0.0
    speakeasyVersion: latest
    sources:
        my-source:
            inputs:
                - location: https://docs.api.epilot.io/environments.yaml
            overlays:
                - location: overlay.yaml
            output: final.yaml
            registry:
                location: registry.speakeasyapi.dev/epilot/epilot/my-source
    targets:
        terraform:
            target: terraform
            source: my-source
