speakeasyVersion: 1.763.2
sources:
    my-source:
        sourceNamespace: my-source
        sourceRevisionDigest: sha256:0512a015e9858da1ae69c5f1460fec6cbadb980ea0f35fae041651d4a9e35d5f
        sourceBlobDigest: sha256:6dce47727120758e0ea0374c0e689e7c26f32d3516c7bff5f752e7c0dd352abe
        tags:
            - latest
            - 1.0.1
targets:
    terraform:
        source: my-source
        sourceNamespace: my-source
        sourceRevisionDigest: sha256:0512a015e9858da1ae69c5f1460fec6cbadb980ea0f35fae041651d4a9e35d5f
        sourceBlobDigest: sha256:6dce47727120758e0ea0374c0e689e7c26f32d3516c7bff5f752e7c0dd352abe
workflow:
    workflowVersion: 1.0.0
    speakeasyVersion: latest
    sources:
        my-source:
            inputs:
                - location: https://docs.api.epilot.io/environments.yaml
            overlays:
                - location: overlay.yaml
            output: final.yaml
            registry:
                location: registry.speakeasyapi.dev/epilot/epilot/my-source
    targets:
        terraform:
            target: terraform
            source: my-source
