speakeasyVersion: 1.761.8
sources:
    my-source:
        sourceNamespace: my-source
        sourceRevisionDigest: sha256:c49952e102c72362bd2f551b25a5eba4979d8494910a37c47369e61b818b24b3
        sourceBlobDigest: sha256:688c5cf960f4617fbd367df6a8512ee4a7a37b72d16d72628f2d9c143aee5212
        tags:
            - latest
            - 1.0.1
targets:
    terraform:
        source: my-source
        sourceNamespace: my-source
        sourceRevisionDigest: sha256:c49952e102c72362bd2f551b25a5eba4979d8494910a37c47369e61b818b24b3
        sourceBlobDigest: sha256:688c5cf960f4617fbd367df6a8512ee4a7a37b72d16d72628f2d9c143aee5212
workflow:
    workflowVersion: 1.0.0
    speakeasyVersion: latest
    sources:
        my-source:
            inputs:
                - location: https://docs.api.epilot.io/environments.yaml
            overlays:
                - location: overlay.yaml
            output: final.yaml
            registry:
                location: registry.speakeasyapi.dev/epilot/epilot/my-source
    targets:
        terraform:
            target: terraform
            source: my-source
